
Microsoft Visual Studio Solution File, Format Version 12.00
# Visual Studio Version 17
VisualStudioVersion = 17.8.34316.72
MinimumVisualStudioVersion = 10.0.40219.1
Project("{8BC9CEB8-8B4A-11D0-8D11-00A0C91BC942}") = "Game", "Game\Game.vcxproj", "{A230D05B-66AC-490E-A7A0-4137A51B7886}"
EndProject
Global
	GlobalSection(SolutionConfigurationPlatforms) = preSolution
		Debug|x64 = Debug|x64
		Debug|x86 = Debug|x86
		Release|x64 = Release|x64
		Release|x86 = Release|x86
	EndGlobalSection
	GlobalSection(ProjectConfigurationPlatforms) = postSolution
		{A230D05B-66AC-490E-A7A0-4137A51B7886}.Debug|x64.ActiveCfg = Debug|x64
		{A230D05B-66AC-490E-A7A0-4137A51B7886}.Debug|x64.Build.0 = Debug|x64
		{A230D05B-66AC-490E-A7A0-4137A51B7886}.Debug|x86.ActiveCfg = Debug|Win32
		{A230D05B-66AC-490E-A7A0-4137A51B7886}.Debug|x86.Build.0 = Debug|Win32
		{A230D05B-66AC-490E-A7A0-4137A51B7886}.Release|x64.ActiveCfg = Release|x64
		{A230D05B-66AC-490E-A7A0-4137A51B7886}.Release|x64.Build.0 = Release|x64
		{A230D05B-66AC-490E-A7A0-4137A51B7886}.Release|x86.ActiveCfg = Release|Win32
		{A230D05B-66AC-490E-A7A0-4137A51B7886}.Release|x86.Build.0 = Release|Win32
	EndGlobalSection
	GlobalSection(SolutionProperties) = preSolution
		HideSolutionNode = FALSE
	EndGlobalSection
	GlobalSection(ExtensibilityGlobals) = postSolution
		SolutionGuid = {B8626B0B-946F-4C4E-8533-BA6262922EE8}
	EndGlobalSection
EndGlobal
